
Microsoft Visual Studio Solution File, Format Version 12.00
# Visual Studio Version 17
VisualStudioVersion = 17.3.32804.467
MinimumVisualStudioVersion = 10.0.40219.1
Project("{FAE04EC0-301F-11D3-BF4B-00C04F79EFBC}") = "LearnFileSystems", "LearnFileSystems.csproj", "{CF8082EE-5C98-4FC2-8ABE-B2BF51B4C1F1}"
EndProject
Global
	GlobalSection(SolutionConfigurationPlatforms) = preSolution
		Debug|Any CPU = Debug|Any CPU
		Release|Any CPU = Release|Any CPU
	EndGlobalSection
	GlobalSection(ProjectConfigurationPlatforms) = postSolution
		{CF8082EE-5C98-4FC2-8ABE-B2BF51B4C1F1}.Debug|Any CPU.ActiveCfg = Debug|Any CPU
		{CF8082EE-5C98-4FC2-8ABE-B2BF51B4C1F1}.Debug|Any CPU.Build.0 = Debug|Any CPU
		{CF8082EE-5C98-4FC2-8ABE-B2BF51B4C1F1}.Release|Any CPU.ActiveCfg = Release|Any CPU
		{CF8082EE-5C98-4FC2-8ABE-B2BF51B4C1F1}.Release|Any CPU.Build.0 = Release|Any CPU
	EndGlobalSection
	GlobalSection(SolutionProperties) = preSolution
		HideSolutionNode = FALSE
	EndGlobalSection
	GlobalSection(ExtensibilityGlobals) = postSolution
		SolutionGuid = {2E6C475D-799D-4845-855C-D71AA4B0E49C}
	EndGlobalSection
EndGlobal
