
Microsoft Visual Studio Solution File, Format Version 12.00
# Visual Studio Version 17
VisualStudioVersion = 17.0.31717.71
MinimumVisualStudioVersion = 10.0.40219.1
Project("{8BC9CEB8-8B4A-11D0-8D11-00A0C91BC942}") = "WindowsDesktopApplication", "WindowsDesktopApplication.vcxproj", "{5F4A792F-BE0E-42DA-B8BA-C8BB2FE55F80}"
EndProject
Global
	GlobalSection(SolutionConfigurationPlatforms) = preSolution
		Debug|x64 = Debug|x64
		Debug|x86 = Debug|x86
		Release|x64 = Release|x64
		Release|x86 = Release|x86
	EndGlobalSection
	GlobalSection(ProjectConfigurationPlatforms) = postSolution
		{5F4A792F-BE0E-42DA-B8BA-C8BB2FE55F80}.Debug|x64.ActiveCfg = Debug|x64
		{5F4A792F-BE0E-42DA-B8BA-C8BB2FE55F80}.Debug|x64.Build.0 = Debug|x64
		{5F4A792F-BE0E-42DA-B8BA-C8BB2FE55F80}.Debug|x86.ActiveCfg = Debug|Win32
		{5F4A792F-BE0E-42DA-B8BA-C8BB2FE55F80}.Debug|x86.Build.0 = Debug|Win32
		{5F4A792F-BE0E-42DA-B8BA-C8BB2FE55F80}.Release|x64.ActiveCfg = Release|x64
		{5F4A792F-BE0E-42DA-B8BA-C8BB2FE55F80}.Release|x64.Build.0 = Release|x64
		{5F4A792F-BE0E-42DA-B8BA-C8BB2FE55F80}.Release|x86.ActiveCfg = Release|Win32
		{5F4A792F-BE0E-42DA-B8BA-C8BB2FE55F80}.Release|x86.Build.0 = Release|Win32
	EndGlobalSection
	GlobalSection(SolutionProperties) = preSolution
		HideSolutionNode = FALSE
	EndGlobalSection
	GlobalSection(ExtensibilityGlobals) = postSolution
		SolutionGuid = {F8A653F5-DC21-4E1C-B7BA-09476A1494CB}
	EndGlobalSection
EndGlobal
