
Microsoft Visual Studio Solution File, Format Version 12.00
# Visual Studio Version 17
VisualStudioVersion = 17.0.31717.71
MinimumVisualStudioVersion = 10.0.40219.1
Project("{FAE04EC0-301F-11D3-BF4B-00C04F79EFBC}") = "WpfBrowserApp1", "WpfBrowserApp1.csproj", "{B9B5A5DF-A8FA-4FE5-9C35-C5FDD83B7E4D}"
EndProject
Global
	GlobalSection(SolutionConfigurationPlatforms) = preSolution
		Debug|Any CPU = Debug|Any CPU
		Release|Any CPU = Release|Any CPU
	EndGlobalSection
	GlobalSection(ProjectConfigurationPlatforms) = postSolution
		{B9B5A5DF-A8FA-4FE5-9C35-C5FDD83B7E4D}.Debug|Any CPU.ActiveCfg = Debug|Any CPU
		{B9B5A5DF-A8FA-4FE5-9C35-C5FDD83B7E4D}.Debug|Any CPU.Build.0 = Debug|Any CPU
		{B9B5A5DF-A8FA-4FE5-9C35-C5FDD83B7E4D}.Release|Any CPU.ActiveCfg = Release|Any CPU
		{B9B5A5DF-A8FA-4FE5-9C35-C5FDD83B7E4D}.Release|Any CPU.Build.0 = Release|Any CPU
	EndGlobalSection
	GlobalSection(SolutionProperties) = preSolution
		HideSolutionNode = FALSE
	EndGlobalSection
	GlobalSection(ExtensibilityGlobals) = postSolution
		SolutionGuid = {95588D73-5B90-445D-B6E6-AE039F8464E8}
	EndGlobalSection
EndGlobal
