
Microsoft Visual Studio Solution File, Format Version 12.00
# Visual Studio Version 17
VisualStudioVersion = 17.0.31717.71
MinimumVisualStudioVersion = 10.0.40219.1
Project("{FAE04EC0-301F-11D3-BF4B-00C04F79EFBC}") = "CsharpGUI-PSscriptrunner", "CsharpGUI-PSscriptrunner\CsharpGUI-PSscriptrunner.csproj", "{0DD695C3-1B9E-4E53-8FF7-099DF02D78B8}"
EndProject
Global
	GlobalSection(SolutionConfigurationPlatforms) = preSolution
		Debug|Any CPU = Debug|Any CPU
		Release|Any CPU = Release|Any CPU
	EndGlobalSection
	GlobalSection(ProjectConfigurationPlatforms) = postSolution
		{0DD695C3-1B9E-4E53-8FF7-099DF02D78B8}.Debug|Any CPU.ActiveCfg = Debug|Any CPU
		{0DD695C3-1B9E-4E53-8FF7-099DF02D78B8}.Debug|Any CPU.Build.0 = Debug|Any CPU
		{0DD695C3-1B9E-4E53-8FF7-099DF02D78B8}.Release|Any CPU.ActiveCfg = Release|Any CPU
		{0DD695C3-1B9E-4E53-8FF7-099DF02D78B8}.Release|Any CPU.Build.0 = Release|Any CPU
	EndGlobalSection
	GlobalSection(SolutionProperties) = preSolution
		HideSolutionNode = FALSE
	EndGlobalSection
	GlobalSection(ExtensibilityGlobals) = postSolution
		SolutionGuid = {8D98C478-E4F5-40E6-B923-13820C6FC70F}
	EndGlobalSection
EndGlobal
