
Microsoft Visual Studio Solution File, Format Version 12.00
# Visual Studio Version 17
VisualStudioVersion = 17.0.31717.71
MinimumVisualStudioVersion = 10.0.40219.1
Project("{8BC9CEB8-8B4A-11D0-8D11-00A0C91BC942}") = "wizardAppProject1", "wizardAppProject1.vcxproj", "{29E3F06C-8F4E-4CF5-90EC-D23F4E3BE5A9}"
EndProject
Global
	GlobalSection(SolutionConfigurationPlatforms) = preSolution
		Debug|x64 = Debug|x64
		Debug|x86 = Debug|x86
		Release|x64 = Release|x64
		Release|x86 = Release|x86
	EndGlobalSection
	GlobalSection(ProjectConfigurationPlatforms) = postSolution
		{29E3F06C-8F4E-4CF5-90EC-D23F4E3BE5A9}.Debug|x64.ActiveCfg = Debug|x64
		{29E3F06C-8F4E-4CF5-90EC-D23F4E3BE5A9}.Debug|x64.Build.0 = Debug|x64
		{29E3F06C-8F4E-4CF5-90EC-D23F4E3BE5A9}.Debug|x86.ActiveCfg = Debug|Win32
		{29E3F06C-8F4E-4CF5-90EC-D23F4E3BE5A9}.Debug|x86.Build.0 = Debug|Win32
		{29E3F06C-8F4E-4CF5-90EC-D23F4E3BE5A9}.Release|x64.ActiveCfg = Release|x64
		{29E3F06C-8F4E-4CF5-90EC-D23F4E3BE5A9}.Release|x64.Build.0 = Release|x64
		{29E3F06C-8F4E-4CF5-90EC-D23F4E3BE5A9}.Release|x86.ActiveCfg = Release|Win32
		{29E3F06C-8F4E-4CF5-90EC-D23F4E3BE5A9}.Release|x86.Build.0 = Release|Win32
	EndGlobalSection
	GlobalSection(SolutionProperties) = preSolution
		HideSolutionNode = FALSE
	EndGlobalSection
	GlobalSection(ExtensibilityGlobals) = postSolution
		SolutionGuid = {947C930E-3132-4BC4-9E00-EA7D89D4E944}
	EndGlobalSection
EndGlobal
